
Microsoft Visual Studio Solution File, Format Version 11.00
# Visual Studio 2010
Project("{FAE04EC0-301F-11D3-BF4B-00C04F79EFBC}") = "ProjectionPrototype", "Assembly-CSharp.csproj", "{C8635829-E4BE-D402-87CB-EDDD3577E181}"
EndProject
Project("{FAE04EC0-301F-11D3-BF4B-00C04F79EFBC}") = "ProjectionPrototype", "Assembly-CSharp-firstpass.csproj", "{F806ADC7-69D8-4755-E9A9-16EA76DFAF4A}"
EndProject
Project("{FAE04EC0-301F-11D3-BF4B-00C04F79EFBC}") = "ProjectionPrototype", "Assembly-CSharp-Editor.csproj", "{6C04B329-023D-E547-1531-5E5B095D3D82}"
EndProject
Global
	GlobalSection(SolutionConfigurationPlatforms) = preSolution
		Debug|Any CPU = Debug|Any CPU
		Release|Any CPU = Release|Any CPU
	EndGlobalSection
	GlobalSection(ProjectConfigurationPlatforms) = postSolution
		{C8635829-E4BE-D402-87CB-EDDD3577E181}.Debug|Any CPU.ActiveCfg = Debug|Any CPU
		{C8635829-E4BE-D402-87CB-EDDD3577E181}.Debug|Any CPU.Build.0 = Debug|Any CPU
		{C8635829-E4BE-D402-87CB-EDDD3577E181}.Release|Any CPU.ActiveCfg = Release|Any CPU
		{C8635829-E4BE-D402-87CB-EDDD3577E181}.Release|Any CPU.Build.0 = Release|Any CPU
		{F806ADC7-69D8-4755-E9A9-16EA76DFAF4A}.Debug|Any CPU.ActiveCfg = Debug|Any CPU
		{F806ADC7-69D8-4755-E9A9-16EA76DFAF4A}.Debug|Any CPU.Build.0 = Debug|Any CPU
		{F806ADC7-69D8-4755-E9A9-16EA76DFAF4A}.Release|Any CPU.ActiveCfg = Release|Any CPU
		{F806ADC7-69D8-4755-E9A9-16EA76DFAF4A}.Release|Any CPU.Build.0 = Release|Any CPU
		{6C04B329-023D-E547-1531-5E5B095D3D82}.Debug|Any CPU.ActiveCfg = Debug|Any CPU
		{6C04B329-023D-E547-1531-5E5B095D3D82}.Debug|Any CPU.Build.0 = Debug|Any CPU
		{6C04B329-023D-E547-1531-5E5B095D3D82}.Release|Any CPU.ActiveCfg = Release|Any CPU
		{6C04B329-023D-E547-1531-5E5B095D3D82}.Release|Any CPU.Build.0 = Release|Any CPU
	EndGlobalSection
	GlobalSection(SolutionProperties) = preSolution
		HideSolutionNode = FALSE
	EndGlobalSection
	GlobalSection(MonoDevelopProperties) = preSolution
		StartupItem = Assembly-CSharp.csproj
	EndGlobalSection
EndGlobal
